// !$*UTF8*$!
{
	archiveVersion = 1;
	classes = {
	};
	objectVersion = 70;
	objects = {

/* Begin PBXBuildFile section */
		326115932DC24F2400F32297 /* TripToolbarFavoriteButton.swift in Sources */ = {isa = PBXBuildFile; fileRef = 326115922DC24F1D00F32297 /* TripToolbarFavoriteButton.swift */; };
		3261159A2DC4023100F32297 /* TabWrapperView.swift in Sources */ = {isa = PBXBuildFile; fileRef = 326115992DC4023100F32297 /* TabWrapperView.swift */; };
		3261159D2DC402C600F32297 /* NavView.swift in Sources */ = {isa = PBXBuildFile; fileRef = 3261159C2DC402C600F32297 /* NavView.swift */; };
		326115A12DC4055C00F32297 /* AddressSearchViewModel.swift in Sources */ = {isa = PBXBuildFile; fileRef = 326115A02DC4055600F32297 /* AddressSearchViewModel.swift */; };
		326115A32DC4094400F32297 /* NavSearchSheet.swift in Sources */ = {isa = PBXBuildFile; fileRef = 326115A22DC4094400F32297 /* NavSearchSheet.swift */; };
		326115A82DCD682B00F32297 /* DeparturesViewFilterSection.swift in Sources */ = {isa = PBXBuildFile; fileRef = 326115A72DCD682B00F32297 /* DeparturesViewFilterSection.swift */; };
		326B0E522CD92C5800794F43 /* Libsql in Frameworks */ = {isa = PBXBuildFile; productRef = 326B0E512CD92C5800794F43 /* Libsql */; };
		326B0E542CD92C7500794F43 /* DBHandler.swift in Sources */ = {isa = PBXBuildFile; fileRef = 326B0E532CD92C7000794F43 /* DBHandler.swift */; };
		326CF26D2D386D8B001CBCA8 /* SignInView.swift in Sources */ = {isa = PBXBuildFile; fileRef = 326CF26C2D386D87001CBCA8 /* SignInView.swift */; };
		326CF26F2D386D91001CBCA8 /* SignUpView.swift in Sources */ = {isa = PBXBuildFile; fileRef = 326CF26E2D386D8E001CBCA8 /* SignUpView.swift */; };
		326CF2712D386DB8001CBCA8 /* SignInOrSignUpView.swift in Sources */ = {isa = PBXBuildFile; fileRef = 326CF2702D386DB3001CBCA8 /* SignInOrSignUpView.swift */; };
		327DE4C02CE1416D00CF0D04 /* ProfileView.swift in Sources */ = {isa = PBXBuildFile; fileRef = 327DE4BF2CE1416A00CF0D04 /* ProfileView.swift */; };
		327DE4C42CE14D2400CF0D04 /* LoadingIndicator.swift in Sources */ = {isa = PBXBuildFile; fileRef = 327DE4C32CE14D1E00CF0D04 /* LoadingIndicator.swift */; };
		327DE4CC2CE166A500CF0D04 /* KeychainHelper.swift in Sources */ = {isa = PBXBuildFile; fileRef = 327DE4CB2CE166A100CF0D04 /* KeychainHelper.swift */; };
		327DE4CE2CE16DE400CF0D04 /* Hash.swift in Sources */ = {isa = PBXBuildFile; fileRef = 327DE4CD2CE16DE200CF0D04 /* Hash.swift */; };
		328258752CE0FBE6000D6D48 /* stations.sqlite in Resources */ = {isa = PBXBuildFile; fileRef = 328258742CE0FBE6000D6D48 /* stations.sqlite */; };
		3285867C2DB3D6F700A86FD7 /* DepartureArrayFns.swift in Sources */ = {isa = PBXBuildFile; fileRef = 3285867B2DB3D6F700A86FD7 /* DepartureArrayFns.swift */; };
		329831742DB3BD3F00436E15 /* Date+Extensions.swift in Sources */ = {isa = PBXBuildFile; fileRef = 329831732DB3BD3A00436E15 /* Date+Extensions.swift */; };
		32A393252D5757E300A0093F /* DepartureItem.swift in Sources */ = {isa = PBXBuildFile; fileRef = 32A393242D5757E300A0093F /* DepartureItem.swift */; };
		32A393272D5E4F2600A0093F /* FavoriteDeparturesSection.swift in Sources */ = {isa = PBXBuildFile; fileRef = 32A393262D5E4F2600A0093F /* FavoriteDeparturesSection.swift */; };
		32A393292D5E4F7800A0093F /* FavoriteDepartureCard.swift in Sources */ = {isa = PBXBuildFile; fileRef = 32A393282D5E4F7800A0093F /* FavoriteDepartureCard.swift */; };
		32A3932B2D5E54D400A0093F /* FavoriteTripViewModel.swift in Sources */ = {isa = PBXBuildFile; fileRef = 32A3932A2D5E54C900A0093F /* FavoriteTripViewModel.swift */; };
		32A3932D2D62577B00A0093F /* NanoIdGenerator.swift in Sources */ = {isa = PBXBuildFile; fileRef = 32A3932C2D62577600A0093F /* NanoIdGenerator.swift */; };
		32A96E6D2D3D6F2200F3C081 /* ApiClient.swift in Sources */ = {isa = PBXBuildFile; fileRef = 32A96E6C2D3D6F1D00F3C081 /* ApiClient.swift */; };
		32A96E6F2D3D70E800F3C081 /* LineIndicator.swift in Sources */ = {isa = PBXBuildFile; fileRef = 32A96E6E2D3D70E300F3C081 /* LineIndicator.swift */; };
		32A96E712D3D710600F3C081 /* ErrorView.swift in Sources */ = {isa = PBXBuildFile; fileRef = 32A96E702D3D710000F3C081 /* ErrorView.swift */; };
		32AFB4022D3AA35300E337F4 /* SignInWithAppleView.swift in Sources */ = {isa = PBXBuildFile; fileRef = 32AFB4012D3AA35300E337F4 /* SignInWithAppleView.swift */; };
		32B36CF52D5550FD00102BE8 /* TripResponse.swift in Sources */ = {isa = PBXBuildFile; fileRef = 32B36CF42D5550FB00102BE8 /* TripResponse.swift */; };
		32B36CF82D5552CE00102BE8 /* Location.swift in Sources */ = {isa = PBXBuildFile; fileRef = 32B36CF72D5552CA00102BE8 /* Location.swift */; };
		32B36CFC2D5554BA00102BE8 /* TripViewModel.swift in Sources */ = {isa = PBXBuildFile; fileRef = 32B36CFB2D5554B600102BE8 /* TripViewModel.swift */; };
		32B36D002D55567500102BE8 /* TripView.swift in Sources */ = {isa = PBXBuildFile; fileRef = 32B36CFF2D55567300102BE8 /* TripView.swift */; };
		32B36D022D55569C00102BE8 /* TripHeaderView.swift in Sources */ = {isa = PBXBuildFile; fileRef = 32B36D012D55569500102BE8 /* TripHeaderView.swift */; };
		32B36D042D5556B900102BE8 /* TripTimeView.swift in Sources */ = {isa = PBXBuildFile; fileRef = 32B36D032D5556B600102BE8 /* TripTimeView.swift */; };
		32B36D062D5556D100102BE8 /* StopoverListView.swift in Sources */ = {isa = PBXBuildFile; fileRef = 32B36D052D5556CE00102BE8 /* StopoverListView.swift */; };
		32B36D082D5556F100102BE8 /* StopoverTimeRow.swift in Sources */ = {isa = PBXBuildFile; fileRef = 32B36D072D5556ED00102BE8 /* StopoverTimeRow.swift */; };
		32B36D0A2D565AB700102BE8 /* StopoverItem.swift in Sources */ = {isa = PBXBuildFile; fileRef = 32B36D092D565AB700102BE8 /* StopoverItem.swift */; };
		32B36D0C2D566F3600102BE8 /* Polyline.swift in Sources */ = {isa = PBXBuildFile; fileRef = 32B36D0B2D566F3500102BE8 /* Polyline.swift */; };
		32B36D0E2D566F9D00102BE8 /* TripMap.swift in Sources */ = {isa = PBXBuildFile; fileRef = 32B36D0D2D566F9D00102BE8 /* TripMap.swift */; };
		32B36D142D573DC000102BE8 /* FavoriteTrip.swift in Sources */ = {isa = PBXBuildFile; fileRef = 32B36D132D573DBD00102BE8 /* FavoriteTrip.swift */; };
		32B36D162D573F3F00102BE8 /* FavoritesManager.swift in Sources */ = {isa = PBXBuildFile; fileRef = 32B36D152D573F3800102BE8 /* FavoritesManager.swift */; };
		32B36D182D573FC100102BE8 /* View+FavoriteAction.swift in Sources */ = {isa = PBXBuildFile; fileRef = 32B36D172D573FB900102BE8 /* View+FavoriteAction.swift */; };
		32B372EF2CE34AB500CE684E /* AngleHelper.swift in Sources */ = {isa = PBXBuildFile; fileRef = 32B372EE2CE34AB000CE684E /* AngleHelper.swift */; };
		32BADE9F2C3134BB00E53BA6 /* Extension.swift in Sources */ = {isa = PBXBuildFile; fileRef = 32BADE9E2C3134B700E53BA6 /* Extension.swift */; };
		32BADEAB2C3A7A1B00E53BA6 /* DepartureRow.swift in Sources */ = {isa = PBXBuildFile; fileRef = 32BADEAA2C3A7A1B00E53BA6 /* DepartureRow.swift */; };
		32C9603D2CF10240006BAC4E /* CleanSpecialCharacters.swift in Sources */ = {isa = PBXBuildFile; fileRef = 32C9603C2CF10233006BAC4E /* CleanSpecialCharacters.swift */; };
		32C9604A2CF37579006BAC4E /* GlobalTimer.swift in Sources */ = {isa = PBXBuildFile; fileRef = 32C960492CF37576006BAC4E /* GlobalTimer.swift */; };
		32C9604F2CF37A27006BAC4E /* CombineApiHelper.swift in Sources */ = {isa = PBXBuildFile; fileRef = 32C9604E2CF37A1B006BAC4E /* CombineApiHelper.swift */; };
		32D99B232DBBF8D0002894D4 /* Clerk in Frameworks */ = {isa = PBXBuildFile; productRef = 32D99B222DBBF8D0002894D4 /* Clerk */; };
		32DBDCD92C2DE74900212F6B /* OnTimeApp.swift in Sources */ = {isa = PBXBuildFile; fileRef = 32DBDCD82C2DE74900212F6B /* OnTimeApp.swift */; };
		32DBDCDB2C2DE74900212F6B /* HomeView.swift in Sources */ = {isa = PBXBuildFile; fileRef = 32DBDCDA2C2DE74900212F6B /* HomeView.swift */; };
		32DBDCDF2C2DE74A00212F6B /* Assets.xcassets in Resources */ = {isa = PBXBuildFile; fileRef = 32DBDCDE2C2DE74A00212F6B /* Assets.xcassets */; };
		32DBDCE32C2DE74A00212F6B /* Preview Assets.xcassets in Resources */ = {isa = PBXBuildFile; fileRef = 32DBDCE22C2DE74A00212F6B /* Preview Assets.xcassets */; };
		32DBDCEB2C2DE81C00212F6B /* Constants.swift in Sources */ = {isa = PBXBuildFile; fileRef = 32DBDCEA2C2DE81900212F6B /* Constants.swift */; };
		32DBDCEE2C2DE92300212F6B /* StationSearchItem.swift in Sources */ = {isa = PBXBuildFile; fileRef = 32DBDCED2C2DE91700212F6B /* StationSearchItem.swift */; };
		32DBDCF02C2DEA1800212F6B /* StationSearchViewModel.swift in Sources */ = {isa = PBXBuildFile; fileRef = 32DBDCEF2C2DEA0E00212F6B /* StationSearchViewModel.swift */; };
		32DBDCF52C2E7A8A00212F6B /* SearchItemView.swift in Sources */ = {isa = PBXBuildFile; fileRef = 32DBDCF42C2E7A8A00212F6B /* SearchItemView.swift */; };
		32DBDCF72C2E7B9500212F6B /* ProductIcon.swift in Sources */ = {isa = PBXBuildFile; fileRef = 32DBDCF62C2E7B9500212F6B /* ProductIcon.swift */; };
		32DBDCF92C2E8A0100212F6B /* StationSearchView.swift in Sources */ = {isa = PBXBuildFile; fileRef = 32DBDCF82C2E89FB00212F6B /* StationSearchView.swift */; };
		32DBDCFD2C2E906F00212F6B /* DeparturesView.swift in Sources */ = {isa = PBXBuildFile; fileRef = 32DBDCFC2C2E906F00212F6B /* DeparturesView.swift */; };
		32DBDD012C2E96AD00212F6B /* LocationManager.swift in Sources */ = {isa = PBXBuildFile; fileRef = 32DBDD002C2E96AA00212F6B /* LocationManager.swift */; };
		32DBDD032C30546C00212F6B /* DepartureModel.swift in Sources */ = {isa = PBXBuildFile; fileRef = 32DBDD022C30546700212F6B /* DepartureModel.swift */; };
		32DBDD052C3055E600212F6B /* StationDepartureViewModel.swift in Sources */ = {isa = PBXBuildFile; fileRef = 32DBDD042C3055DB00212F6B /* StationDepartureViewModel.swift */; };
		32EB5D772D6A87A40054C6B9 /* FavoriteDepartureErrorCard.swift in Sources */ = {isa = PBXBuildFile; fileRef = 32EB5D762D6A87A40054C6B9 /* FavoriteDepartureErrorCard.swift */; };
		32FB5D512D8FF805005AA867 /* FilterChip.swift in Sources */ = {isa = PBXBuildFile; fileRef = 32FB5D502D8FF805005AA867 /* FilterChip.swift */; };
		32FB5D522D8FF805005AA867 /* DepartureFilters.swift in Sources */ = {isa = PBXBuildFile; fileRef = 32FB5D4F2D8FF805005AA867 /* DepartureFilters.swift */; };
/* End PBXBuildFile section */

/* Begin PBXContainerItemProxy section */
		32870CA12DBED461006C0664 /* PBXContainerItemProxy */ = {
			isa = PBXContainerItemProxy;
			containerPortal = 32DBDCCD2C2DE74900212F6B /* Project object */;
			proxyType = 1;
			remoteGlobalIDString = 32DBDCD42C2DE74900212F6B;
			remoteInfo = "OnTime - Transit";
		};
/* End PBXContainerItemProxy section */

/* Begin PBXFileReference section */
		325ECC5C2CDD36DC00A8E392 /* Info.plist */ = {isa = PBXFileReference; lastKnownFileType = text.plist; path = Info.plist; sourceTree = "<group>"; };
		326115922DC24F1D00F32297 /* TripToolbarFavoriteButton.swift */ = {isa = PBXFileReference; lastKnownFileType = sourcecode.swift; path = TripToolbarFavoriteButton.swift; sourceTree = "<group>"; };
		326115992DC4023100F32297 /* TabWrapperView.swift */ = {isa = PBXFileReference; lastKnownFileType = sourcecode.swift; path = TabWrapperView.swift; sourceTree = "<group>"; };
		3261159C2DC402C600F32297 /* NavView.swift */ = {isa = PBXFileReference; lastKnownFileType = sourcecode.swift; path = NavView.swift; sourceTree = "<group>"; };
		326115A02DC4055600F32297 /* AddressSearchViewModel.swift */ = {isa = PBXFileReference; lastKnownFileType = sourcecode.swift; path = AddressSearchViewModel.swift; sourceTree = "<group>"; };
		326115A22DC4094400F32297 /* NavSearchSheet.swift */ = {isa = PBXFileReference; lastKnownFileType = sourcecode.swift; path = NavSearchSheet.swift; sourceTree = "<group>"; };
		326115A72DCD682B00F32297 /* DeparturesViewFilterSection.swift */ = {isa = PBXFileReference; lastKnownFileType = sourcecode.swift; path = DeparturesViewFilterSection.swift; sourceTree = "<group>"; };
		326B0E532CD92C7000794F43 /* DBHandler.swift */ = {isa = PBXFileReference; lastKnownFileType = sourcecode.swift; path = DBHandler.swift; sourceTree = "<group>"; };
		326CF26C2D386D87001CBCA8 /* SignInView.swift */ = {isa = PBXFileReference; lastKnownFileType = sourcecode.swift; path = SignInView.swift; sourceTree = "<group>"; };
		326CF26E2D386D8E001CBCA8 /* SignUpView.swift */ = {isa = PBXFileReference; lastKnownFileType = sourcecode.swift; path = SignUpView.swift; sourceTree = "<group>"; };
		326CF2702D386DB3001CBCA8 /* SignInOrSignUpView.swift */ = {isa = PBXFileReference; lastKnownFileType = sourcecode.swift; path = SignInOrSignUpView.swift; sourceTree = "<group>"; };
		327DE4BF2CE1416A00CF0D04 /* ProfileView.swift */ = {isa = PBXFileReference; lastKnownFileType = sourcecode.swift; path = ProfileView.swift; sourceTree = "<group>"; };
		327DE4C32CE14D1E00CF0D04 /* LoadingIndicator.swift */ = {isa = PBXFileReference; lastKnownFileType = sourcecode.swift; path = LoadingIndicator.swift; sourceTree = "<group>"; };
		327DE4CB2CE166A100CF0D04 /* KeychainHelper.swift */ = {isa = PBXFileReference; lastKnownFileType = sourcecode.swift; path = KeychainHelper.swift; sourceTree = "<group>"; };
		327DE4CD2CE16DE200CF0D04 /* Hash.swift */ = {isa = PBXFileReference; lastKnownFileType = sourcecode.swift; path = Hash.swift; sourceTree = "<group>"; };
		328258742CE0FBE6000D6D48 /* stations.sqlite */ = {isa = PBXFileReference; lastKnownFileType = file; path = stations.sqlite; sourceTree = "<group>"; };
		3285867B2DB3D6F700A86FD7 /* DepartureArrayFns.swift */ = {isa = PBXFileReference; lastKnownFileType = sourcecode.swift; path = DepartureArrayFns.swift; sourceTree = "<group>"; };
		32870C9B2DBED461006C0664 /* OnTime - Transit UITests.xctest */ = {isa = PBXFileReference; explicitFileType = wrapper.cfbundle; includeInIndex = 0; path = "OnTime - Transit UITests.xctest"; sourceTree = BUILT_PRODUCTS_DIR; };
		329831732DB3BD3A00436E15 /* Date+Extensions.swift */ = {isa = PBXFileReference; lastKnownFileType = sourcecode.swift; path = "Date+Extensions.swift"; sourceTree = "<group>"; };
		32A393242D5757E300A0093F /* DepartureItem.swift */ = {isa = PBXFileReference; lastKnownFileType = sourcecode.swift; path = DepartureItem.swift; sourceTree = "<group>"; };
		32A393262D5E4F2600A0093F /* FavoriteDeparturesSection.swift */ = {isa = PBXFileReference; lastKnownFileType = sourcecode.swift; path = FavoriteDeparturesSection.swift; sourceTree = "<group>"; };
		32A393282D5E4F7800A0093F /* FavoriteDepartureCard.swift */ = {isa = PBXFileReference; lastKnownFileType = sourcecode.swift; path = FavoriteDepartureCard.swift; sourceTree = "<group>"; };
		32A3932A2D5E54C900A0093F /* FavoriteTripViewModel.swift */ = {isa = PBXFileReference; lastKnownFileType = sourcecode.swift; path = FavoriteTripViewModel.swift; sourceTree = "<group>"; };
		32A3932C2D62577600A0093F /* NanoIdGenerator.swift */ = {isa = PBXFileReference; lastKnownFileType = sourcecode.swift; path = NanoIdGenerator.swift; sourceTree = "<group>"; };
		32A96E6C2D3D6F1D00F3C081 /* ApiClient.swift */ = {isa = PBXFileReference; lastKnownFileType = sourcecode.swift; path = ApiClient.swift; sourceTree = "<group>"; };
		32A96E6E2D3D70E300F3C081 /* LineIndicator.swift */ = {isa = PBXFileReference; lastKnownFileType = sourcecode.swift; path = LineIndicator.swift; sourceTree = "<group>"; };
		32A96E702D3D710000F3C081 /* ErrorView.swift */ = {isa = PBXFileReference; lastKnownFileType = sourcecode.swift; path = ErrorView.swift; sourceTree = "<group>"; };
		32AFB4012D3AA35300E337F4 /* SignInWithAppleView.swift */ = {isa = PBXFileReference; lastKnownFileType = sourcecode.swift; path = SignInWithAppleView.swift; sourceTree = "<group>"; };
		32B36CF42D5550FB00102BE8 /* TripResponse.swift */ = {isa = PBXFileReference; lastKnownFileType = sourcecode.swift; path = TripResponse.swift; sourceTree = "<group>"; };
		32B36CF72D5552CA00102BE8 /* Location.swift */ = {isa = PBXFileReference; lastKnownFileType = sourcecode.swift; path = Location.swift; sourceTree = "<group>"; };
		32B36CFB2D5554B600102BE8 /* TripViewModel.swift */ = {isa = PBXFileReference; lastKnownFileType = sourcecode.swift; path = TripViewModel.swift; sourceTree = "<group>"; };
		32B36CFF2D55567300102BE8 /* TripView.swift */ = {isa = PBXFileReference; lastKnownFileType = sourcecode.swift; path = TripView.swift; sourceTree = "<group>"; };
		32B36D012D55569500102BE8 /* TripHeaderView.swift */ = {isa = PBXFileReference; lastKnownFileType = sourcecode.swift; path = TripHeaderView.swift; sourceTree = "<group>"; };
		32B36D032D5556B600102BE8 /* TripTimeView.swift */ = {isa = PBXFileReference; lastKnownFileType = sourcecode.swift; path = TripTimeView.swift; sourceTree = "<group>"; };
		32B36D052D5556CE00102BE8 /* StopoverListView.swift */ = {isa = PBXFileReference; lastKnownFileType = sourcecode.swift; path = StopoverListView.swift; sourceTree = "<group>"; };
		32B36D072D5556ED00102BE8 /* StopoverTimeRow.swift */ = {isa = PBXFileReference; lastKnownFileType = sourcecode.swift; path = StopoverTimeRow.swift; sourceTree = "<group>"; };
		32B36D092D565AB700102BE8 /* StopoverItem.swift */ = {isa = PBXFileReference; lastKnownFileType = sourcecode.swift; path = StopoverItem.swift; sourceTree = "<group>"; };
		32B36D0B2D566F3500102BE8 /* Polyline.swift */ = {isa = PBXFileReference; lastKnownFileType = sourcecode.swift; path = Polyline.swift; sourceTree = "<group>"; };
		32B36D0D2D566F9D00102BE8 /* TripMap.swift */ = {isa = PBXFileReference; lastKnownFileType = sourcecode.swift; path = TripMap.swift; sourceTree = "<group>"; };
		32B36D132D573DBD00102BE8 /* FavoriteTrip.swift */ = {isa = PBXFileReference; lastKnownFileType = sourcecode.swift; path = FavoriteTrip.swift; sourceTree = "<group>"; };
		32B36D152D573F3800102BE8 /* FavoritesManager.swift */ = {isa = PBXFileReference; lastKnownFileType = sourcecode.swift; path = FavoritesManager.swift; sourceTree = "<group>"; };
		32B36D172D573FB900102BE8 /* View+FavoriteAction.swift */ = {isa = PBXFileReference; lastKnownFileType = sourcecode.swift; path = "View+FavoriteAction.swift"; sourceTree = "<group>"; };
		32B372EE2CE34AB000CE684E /* AngleHelper.swift */ = {isa = PBXFileReference; lastKnownFileType = sourcecode.swift; path = AngleHelper.swift; sourceTree = "<group>"; };
		32BADE9E2C3134B700E53BA6 /* Extension.swift */ = {isa = PBXFileReference; lastKnownFileType = sourcecode.swift; path = Extension.swift; sourceTree = "<group>"; };
		32BADEAA2C3A7A1B00E53BA6 /* DepartureRow.swift */ = {isa = PBXFileReference; lastKnownFileType = sourcecode.swift; path = DepartureRow.swift; sourceTree = "<group>"; };
		32C9603C2CF10233006BAC4E /* CleanSpecialCharacters.swift */ = {isa = PBXFileReference; lastKnownFileType = sourcecode.swift; path = CleanSpecialCharacters.swift; sourceTree = "<group>"; };
		32C960492CF37576006BAC4E /* GlobalTimer.swift */ = {isa = PBXFileReference; lastKnownFileType = sourcecode.swift; path = GlobalTimer.swift; sourceTree = "<group>"; };
		32C9604E2CF37A1B006BAC4E /* CombineApiHelper.swift */ = {isa = PBXFileReference; lastKnownFileType = sourcecode.swift; path = CombineApiHelper.swift; sourceTree = "<group>"; };
		32DBDCD52C2DE74900212F6B /* OnTime - Transit.app */ = {isa = PBXFileReference; explicitFileType = wrapper.application; includeInIndex = 0; path = "OnTime - Transit.app"; sourceTree = BUILT_PRODUCTS_DIR; };
		32DBDCD82C2DE74900212F6B /* OnTimeApp.swift */ = {isa = PBXFileReference; lastKnownFileType = sourcecode.swift; path = OnTimeApp.swift; sourceTree = "<group>"; };
		32DBDCDA2C2DE74900212F6B /* HomeView.swift */ = {isa = PBXFileReference; lastKnownFileType = sourcecode.swift; path = HomeView.swift; sourceTree = "<group>"; };
		32DBDCDE2C2DE74A00212F6B /* Assets.xcassets */ = {isa = PBXFileReference; lastKnownFileType = folder.assetcatalog; path = Assets.xcassets; sourceTree = "<group>"; };
		32DBDCE02C2DE74A00212F6B /* OnTime.entitlements */ = {isa = PBXFileReference; lastKnownFileType = text.plist.entitlements; path = OnTime.entitlements; sourceTree = "<group>"; };
		32DBDCE22C2DE74A00212F6B /* Preview Assets.xcassets */ = {isa = PBXFileReference; lastKnownFileType = folder.assetcatalog; path = "Preview Assets.xcassets"; sourceTree = "<group>"; };
		32DBDCEA2C2DE81900212F6B /* Constants.swift */ = {isa = PBXFileReference; lastKnownFileType = sourcecode.swift; path = Constants.swift; sourceTree = "<group>"; };
		32DBDCED2C2DE91700212F6B /* StationSearchItem.swift */ = {isa = PBXFileReference; lastKnownFileType = sourcecode.swift; path = StationSearchItem.swift; sourceTree = "<group>"; };
		32DBDCEF2C2DEA0E00212F6B /* StationSearchViewModel.swift */ = {isa = PBXFileReference; lastKnownFileType = sourcecode.swift; path = StationSearchViewModel.swift; sourceTree = "<group>"; };
		32DBDCF42C2E7A8A00212F6B /* SearchItemView.swift */ = {isa = PBXFileReference; lastKnownFileType = sourcecode.swift; path = SearchItemView.swift; sourceTree = "<group>"; };
		32DBDCF62C2E7B9500212F6B /* ProductIcon.swift */ = {isa = PBXFileReference; lastKnownFileType = sourcecode.swift; path = ProductIcon.swift; sourceTree = "<group>"; };
		32DBDCF82C2E89FB00212F6B /* StationSearchView.swift */ = {isa = PBXFileReference; lastKnownFileType = sourcecode.swift; path = StationSearchView.swift; sourceTree = "<group>"; };
		32DBDCFC2C2E906F00212F6B /* DeparturesView.swift */ = {isa = PBXFileReference; lastKnownFileType = sourcecode.swift; path = DeparturesView.swift; sourceTree = "<group>"; };
		32DBDD002C2E96AA00212F6B /* LocationManager.swift */ = {isa = PBXFileReference; lastKnownFileType = sourcecode.swift; path = LocationManager.swift; sourceTree = "<group>"; };
		32DBDD022C30546700212F6B /* DepartureModel.swift */ = {isa = PBXFileReference; lastKnownFileType = sourcecode.swift; path = DepartureModel.swift; sourceTree = "<group>"; };
		32DBDD042C3055DB00212F6B /* StationDepartureViewModel.swift */ = {isa = PBXFileReference; lastKnownFileType = sourcecode.swift; path = StationDepartureViewModel.swift; sourceTree = "<group>"; };
		32EB5D762D6A87A40054C6B9 /* FavoriteDepartureErrorCard.swift */ = {isa = PBXFileReference; lastKnownFileType = sourcecode.swift; path = FavoriteDepartureErrorCard.swift; sourceTree = "<group>"; };
		32FB5D4F2D8FF805005AA867 /* DepartureFilters.swift */ = {isa = PBXFileReference; lastKnownFileType = sourcecode.swift; path = DepartureFilters.swift; sourceTree = "<group>"; };
		32FB5D502D8FF805005AA867 /* FilterChip.swift */ = {isa = PBXFileReference; lastKnownFileType = sourcecode.swift; path = FilterChip.swift; sourceTree = "<group>"; };
/* End PBXFileReference section */

/* Begin PBXFileSystemSynchronizedRootGroup section */
		32870C9C2DBED461006C0664 /* OnTime - Transit UITests */ = {isa = PBXFileSystemSynchronizedRootGroup; explicitFileTypes = {}; explicitFolders = (); path = "OnTime - Transit UITests"; sourceTree = "<group>"; };
/* End PBXFileSystemSynchronizedRootGroup section */

/* Begin PBXFrameworksBuildPhase section */
		32870C982DBED461006C0664 /* Frameworks */ = {
			isa = PBXFrameworksBuildPhase;
			buildActionMask = 2147483647;
			files = (
			);
			runOnlyForDeploymentPostprocessing = 0;
		};
		32DBDCD22C2DE74900212F6B /* Frameworks */ = {
			isa = PBXFrameworksBuildPhase;
			buildActionMask = 2147483647;
			files = (
				32D99B232DBBF8D0002894D4 /* Clerk in Frameworks */,
				326B0E522CD92C5800794F43 /* Libsql in Frameworks */,
			);
			runOnlyForDeploymentPostprocessing = 0;
		};
/* End PBXFrameworksBuildPhase section */

/* Begin PBXGroup section */
		326115982DC4022100F32297 /* TabView */ = {
			isa = PBXGroup;
			children = (
				326115992DC4023100F32297 /* TabWrapperView.swift */,
			);
			path = TabView;
			sourceTree = "<group>";
		};
		3261159B2DC402BC00F32297 /* NavView */ = {
			isa = PBXGroup;
			children = (
				326115A02DC4055600F32297 /* AddressSearchViewModel.swift */,
				3261159C2DC402C600F32297 /* NavView.swift */,
				326115A22DC4094400F32297 /* NavSearchSheet.swift */,
			);
			path = NavView;
			sourceTree = "<group>";
		};
		326CF26B2D386D7D001CBCA8 /* SignInUpView */ = {
			isa = PBXGroup;
			children = (
				326CF2702D386DB3001CBCA8 /* SignInOrSignUpView.swift */,
				326CF26E2D386D8E001CBCA8 /* SignUpView.swift */,
				326CF26C2D386D87001CBCA8 /* SignInView.swift */,
				32AFB4012D3AA35300E337F4 /* SignInWithAppleView.swift */,
			);
			path = SignInUpView;
			sourceTree = "<group>";
		};
		32B36CF32D5550F500102BE8 /* trip */ = {
			isa = PBXGroup;
			children = (
				32B36CFB2D5554B600102BE8 /* TripViewModel.swift */,
				32B36CF42D5550FB00102BE8 /* TripResponse.swift */,
			);
			path = trip;
			sourceTree = "<group>";
		};
		32B36CF62D5552BB00102BE8 /* shared */ = {
			isa = PBXGroup;
			children = (
				32B36D0B2D566F3500102BE8 /* Polyline.swift */,
				32B36CF72D5552CA00102BE8 /* Location.swift */,
			);
			path = shared;
			sourceTree = "<group>";
		};
		32B36CFE2D55566D00102BE8 /* TripView */ = {
			isa = PBXGroup;
			children = (
				326115922DC24F1D00F32297 /* TripToolbarFavoriteButton.swift */,
				32B36D072D5556ED00102BE8 /* StopoverTimeRow.swift */,
				32B36D092D565AB700102BE8 /* StopoverItem.swift */,
				32B36D052D5556CE00102BE8 /* StopoverListView.swift */,
				32B36D032D5556B600102BE8 /* TripTimeView.swift */,
				32B36D012D55569500102BE8 /* TripHeaderView.swift */,
				32B36CFF2D55567300102BE8 /* TripView.swift */,
				32B36D0D2D566F9D00102BE8 /* TripMap.swift */,
			);
			path = TripView;
			sourceTree = "<group>";
		};
		32B36D0F2D573CAD00102BE8 /* common */ = {
			isa = PBXGroup;
			children = (
				327DE4C32CE14D1E00CF0D04 /* LoadingIndicator.swift */,
				32A96E6E2D3D70E300F3C081 /* LineIndicator.swift */,
			);
			path = common;
			sourceTree = "<group>";
		};
		32B36D122D573DB600102BE8 /* favorites */ = {
			isa = PBXGroup;
			children = (
				32A3932A2D5E54C900A0093F /* FavoriteTripViewModel.swift */,
				32B36D152D573F3800102BE8 /* FavoritesManager.swift */,
				32B36D132D573DBD00102BE8 /* FavoriteTrip.swift */,
			);
			path = favorites;
			sourceTree = "<group>";
		};
		32C960452CF37004006BAC4E /* ProfileView */ = {
			isa = PBXGroup;
			children = (
				327DE4BF2CE1416A00CF0D04 /* ProfileView.swift */,
			);
			path = ProfileView;
			sourceTree = "<group>";
		};
		32C960462CF37013006BAC4E /* views */ = {
			isa = PBXGroup;
			children = (
				3261159B2DC402BC00F32297 /* NavView */,
				326115982DC4022100F32297 /* TabView */,
				32B36D0F2D573CAD00102BE8 /* common */,
				32B36CFE2D55566D00102BE8 /* TripView */,
				326CF26B2D386D7D001CBCA8 /* SignInUpView */,
				32C960472CF37044006BAC4E /* HomeView */,
				32C960452CF37004006BAC4E /* ProfileView */,
				32DBDCFA2C2E905100212F6B /* SearchView */,
				32DBDCFB2C2E906100212F6B /* DeparturesView */,
			);
			path = views;
			sourceTree = "<group>";
		};
		32C960472CF37044006BAC4E /* HomeView */ = {
			isa = PBXGroup;
			children = (
				32DBDCDA2C2DE74900212F6B /* HomeView.swift */,
				32A393262D5E4F2600A0093F /* FavoriteDeparturesSection.swift */,
				32A393282D5E4F7800A0093F /* FavoriteDepartureCard.swift */,
				32EB5D762D6A87A40054C6B9 /* FavoriteDepartureErrorCard.swift */,
			);
			path = HomeView;
			sourceTree = "<group>";
		};
		32C9604B2CF37951006BAC4E /* db */ = {
			isa = PBXGroup;
			children = (
				32C9604C2CF37976006BAC4E /* local-stations */,
			);
			path = db;
			sourceTree = "<group>";
		};
		32C9604C2CF37976006BAC4E /* local-stations */ = {
			isa = PBXGroup;
			children = (
				326B0E532CD92C7000794F43 /* DBHandler.swift */,
			);
			path = "local-stations";
			sourceTree = "<group>";
		};
		32C9604D2CF379FF006BAC4E /* utils */ = {
			isa = PBXGroup;
			children = (
				32A3932C2D62577600A0093F /* NanoIdGenerator.swift */,
				32C9604E2CF37A1B006BAC4E /* CombineApiHelper.swift */,
			);
			path = utils;
			sourceTree = "<group>";
		};
		32DBDCCC2C2DE74900212F6B = {
			isa = PBXGroup;
			children = (
				32DBDCD72C2DE74900212F6B /* OnTime */,
				32870C9C2DBED461006C0664 /* OnTime - Transit UITests */,
				32DBDCD62C2DE74900212F6B /* Products */,
			);
			sourceTree = "<group>";
		};
		32DBDCD62C2DE74900212F6B /* Products */ = {
			isa = PBXGroup;
			children = (
				32DBDCD52C2DE74900212F6B /* OnTime - Transit.app */,
				32870C9B2DBED461006C0664 /* OnTime - Transit UITests.xctest */,
			);
			name = Products;
			sourceTree = "<group>";
		};
		32DBDCD72C2DE74900212F6B /* OnTime */ = {
			isa = PBXGroup;
			children = (
				328258742CE0FBE6000D6D48 /* stations.sqlite */,
				32DBDCE02C2DE74A00212F6B /* OnTime.entitlements */,
				325ECC5C2CDD36DC00A8E392 /* Info.plist */,
				32DBDCD82C2DE74900212F6B /* OnTimeApp.swift */,
				32DBDCDE2C2DE74A00212F6B /* Assets.xcassets */,
				32DBDCE92C2DE81400212F6B /* api */,
				32C9604B2CF37951006BAC4E /* db */,
				32DBDCE12C2DE74A00212F6B /* Preview Content */,
				32DBDCFF2C2E96A500212F6B /* utils */,
				32C960462CF37013006BAC4E /* views */,
			);
			path = OnTime;
			sourceTree = "<group>";
		};
		32DBDCE12C2DE74A00212F6B /* Preview Content */ = {
			isa = PBXGroup;
			children = (
				32DBDCE22C2DE74A00212F6B /* Preview Assets.xcassets */,
			);
			path = "Preview Content";
			sourceTree = "<group>";
		};
		32DBDCE92C2DE81400212F6B /* api */ = {
			isa = PBXGroup;
			children = (
				32A96E6C2D3D6F1D00F3C081 /* ApiClient.swift */,
				32B36D122D573DB600102BE8 /* favorites */,
				32B36CF62D5552BB00102BE8 /* shared */,
				32B36CF32D5550F500102BE8 /* trip */,
				32DBDCFE2C2E94DB00212F6B /* departures */,
				32DBDCF12C2DEA2B00212F6B /* station-search */,
				32C9604D2CF379FF006BAC4E /* utils */,
				32DBDCEA2C2DE81900212F6B /* Constants.swift */,
			);
			path = api;
			sourceTree = "<group>";
		};
		32DBDCF12C2DEA2B00212F6B /* station-search */ = {
			isa = PBXGroup;
			children = (
				32DBDCEF2C2DEA0E00212F6B /* StationSearchViewModel.swift */,
				32DBDCED2C2DE91700212F6B /* StationSearchItem.swift */,
			);
			path = "station-search";
			sourceTree = "<group>";
		};
		32DBDCFA2C2E905100212F6B /* SearchView */ = {
			isa = PBXGroup;
			children = (
				32DBDCF82C2E89FB00212F6B /* StationSearchView.swift */,
				32DBDCF42C2E7A8A00212F6B /* SearchItemView.swift */,
			);
			path = SearchView;
			sourceTree = "<group>";
		};
		32DBDCFB2C2E906100212F6B /* DeparturesView */ = {
			isa = PBXGroup;
			children = (
				32FB5D4F2D8FF805005AA867 /* DepartureFilters.swift */,
				32FB5D502D8FF805005AA867 /* FilterChip.swift */,
				32B36D172D573FB900102BE8 /* View+FavoriteAction.swift */,
				32A96E702D3D710000F3C081 /* ErrorView.swift */,
				32BADEAA2C3A7A1B00E53BA6 /* DepartureRow.swift */,
				32A393242D5757E300A0093F /* DepartureItem.swift */,
				32DBDCFC2C2E906F00212F6B /* DeparturesView.swift */,
				326115A72DCD682B00F32297 /* DeparturesViewFilterSection.swift */,
			);
			path = DeparturesView;
			sourceTree = "<group>";
		};
		32DBDCFE2C2E94DB00212F6B /* departures */ = {
			isa = PBXGroup;
			children = (
				32DBDD042C3055DB00212F6B /* StationDepartureViewModel.swift */,
				32DBDD022C30546700212F6B /* DepartureModel.swift */,
			);
			path = departures;
			sourceTree = "<group>";
		};
		32DBDCFF2C2E96A500212F6B /* utils */ = {
			isa = PBXGroup;
			children = (
				329831732DB3BD3A00436E15 /* Date+Extensions.swift */,
				32B372EE2CE34AB000CE684E /* AngleHelper.swift */,
				32C9603C2CF10233006BAC4E /* CleanSpecialCharacters.swift */,
				32BADE9E2C3134B700E53BA6 /* Extension.swift */,
				32C960492CF37576006BAC4E /* GlobalTimer.swift */,
				327DE4CD2CE16DE200CF0D04 /* Hash.swift */,
				327DE4CB2CE166A100CF0D04 /* KeychainHelper.swift */,
				32DBDD002C2E96AA00212F6B /* LocationManager.swift */,
				32DBDCF62C2E7B9500212F6B /* ProductIcon.swift */,
				3285867B2DB3D6F700A86FD7 /* DepartureArrayFns.swift */,
			);
			path = utils;
			sourceTree = "<group>";
		};
/* End PBXGroup section */

/* Begin PBXNativeTarget section */
		32870C9A2DBED461006C0664 /* OnTime - Transit UITests */ = {
			isa = PBXNativeTarget;
			buildConfigurationList = 32870CA52DBED461006C0664 /* Build configuration list for PBXNativeTarget "OnTime - Transit UITests" */;
			buildPhases = (
				32870C972DBED461006C0664 /* Sources */,
				32870C982DBED461006C0664 /* Frameworks */,
				32870C992DBED461006C0664 /* Resources */,
			);
			buildRules = (
			);
			dependencies = (
				32870CA22DBED461006C0664 /* PBXTargetDependency */,
			);
			fileSystemSynchronizedGroups = (
				32870C9C2DBED461006C0664 /* OnTime - Transit UITests */,
			);
			name = "OnTime - Transit UITests";
			packageProductDependencies = (
			);
			productName = "OnTime - Transit UITests";
			productReference = 32870C9B2DBED461006C0664 /* OnTime - Transit UITests.xctest */;
			productType = "com.apple.product-type.bundle.ui-testing";
		};
		32DBDCD42C2DE74900212F6B /* OnTime - Transit */ = {
			isa = PBXNativeTarget;
			buildConfigurationList = 32DBDCE62C2DE74A00212F6B /* Build configuration list for PBXNativeTarget "OnTime - Transit" */;
			buildPhases = (
				32DBDCD12C2DE74900212F6B /* Sources */,
				32DBDCD22C2DE74900212F6B /* Frameworks */,
				32DBDCD32C2DE74900212F6B /* Resources */,
			);
			buildRules = (
			);
			dependencies = (
			);
			name = "OnTime - Transit";
			productName = OnTime;
			productReference = 32DBDCD52C2DE74900212F6B /* OnTime - Transit.app */;
			productType = "com.apple.product-type.application";
		};
/* End PBXNativeTarget section */

/* Begin PBXProject section */
		32DBDCCD2C2DE74900212F6B /* Project object */ = {
			isa = PBXProject;
			attributes = {
				BuildIndependentTargetsInParallel = 1;
				LastSwiftUpdateCheck = 1630;
				LastUpgradeCheck = 1630;
				TargetAttributes = {
					32870C9A2DBED461006C0664 = {
						CreatedOnToolsVersion = 16.3;
						TestTargetID = 32DBDCD42C2DE74900212F6B;
					};
					32DBDCD42C2DE74900212F6B = {
						CreatedOnToolsVersion = 16.0;
					};
				};
			};
			buildConfigurationList = 32DBDCD02C2DE74900212F6B /* Build configuration list for PBXProject "OnTime - Transit" */;
			compatibilityVersion = "Xcode 15.0";
			developmentRegion = en;
			hasScannedForEncodings = 0;
			knownRegions = (
				en,
				Base,
			);
			mainGroup = 32DBDCCC2C2DE74900212F6B;
			packageReferences = (
				326B0E502CD92C5800794F43 /* XCRemoteSwiftPackageReference "libsql-swift" */,
				32D99B212DBBF8D0002894D4 /* XCRemoteSwiftPackageReference "clerk-ios" */,
			);
			productRefGroup = 32DBDCD62C2DE74900212F6B /* Products */;
			projectDirPath = "";
			projectRoot = "";
			targets = (
				32DBDCD42C2DE74900212F6B /* OnTime - Transit */,
				32870C9A2DBED461006C0664 /* OnTime - Transit UITests */,
			);
		};
/* End PBXProject section */

/* Begin PBXResourcesBuildPhase section */
		32870C992DBED461006C0664 /* Resources */ = {
			isa = PBXResourcesBuildPhase;
			buildActionMask = 2147483647;
			files = (
			);
			runOnlyForDeploymentPostprocessing = 0;
		};
		32DBDCD32C2DE74900212F6B /* Resources */ = {
			isa = PBXResourcesBuildPhase;
			buildActionMask = 2147483647;
			files = (
				32DBDCE32C2DE74A00212F6B /* Preview Assets.xcassets in Resources */,
				32DBDCDF2C2DE74A00212F6B /* Assets.xcassets in Resources */,
				328258752CE0FBE6000D6D48 /* stations.sqlite in Resources */,
			);
			runOnlyForDeploymentPostprocessing = 0;
		};
/* End PBXResourcesBuildPhase section */

/* Begin PBXSourcesBuildPhase section */
		32870C972DBED461006C0664 /* Sources */ = {
			isa = PBXSourcesBuildPhase;
			buildActionMask = 2147483647;
			files = (
			);
			runOnlyForDeploymentPostprocessing = 0;
		};
		32DBDCD12C2DE74900212F6B /* Sources */ = {
			isa = PBXSourcesBuildPhase;
			buildActionMask = 2147483647;
			files = (
				32B36CF52D5550FD00102BE8 /* TripResponse.swift in Sources */,
				32DBDD052C3055E600212F6B /* StationDepartureViewModel.swift in Sources */,
				32B36CF82D5552CE00102BE8 /* Location.swift in Sources */,
				326115A12DC4055C00F32297 /* AddressSearchViewModel.swift in Sources */,
				32B36D0A2D565AB700102BE8 /* StopoverItem.swift in Sources */,
				32DBDCEB2C2DE81C00212F6B /* Constants.swift in Sources */,
				32C9603D2CF10240006BAC4E /* CleanSpecialCharacters.swift in Sources */,
				32B36D082D5556F100102BE8 /* StopoverTimeRow.swift in Sources */,
				32EB5D772D6A87A40054C6B9 /* FavoriteDepartureErrorCard.swift in Sources */,
				32DBDCFD2C2E906F00212F6B /* DeparturesView.swift in Sources */,
				32B36D042D5556B900102BE8 /* TripTimeView.swift in Sources */,
				32DBDD012C2E96AD00212F6B /* LocationManager.swift in Sources */,
				329831742DB3BD3F00436E15 /* Date+Extensions.swift in Sources */,
				32DBDCDB2C2DE74900212F6B /* HomeView.swift in Sources */,
				32A96E712D3D710600F3C081 /* ErrorView.swift in Sources */,
				3285867C2DB3D6F700A86FD7 /* DepartureArrayFns.swift in Sources */,
				3261159D2DC402C600F32297 /* NavView.swift in Sources */,
				32A3932D2D62577B00A0093F /* NanoIdGenerator.swift in Sources */,
				326CF26D2D386D8B001CBCA8 /* SignInView.swift in Sources */,
				326CF2712D386DB8001CBCA8 /* SignInOrSignUpView.swift in Sources */,
				3261159A2DC4023100F32297 /* TabWrapperView.swift in Sources */,
				32BADE9F2C3134BB00E53BA6 /* Extension.swift in Sources */,
				32B36D0E2D566F9D00102BE8 /* TripMap.swift in Sources */,
				32C9604F2CF37A27006BAC4E /* CombineApiHelper.swift in Sources */,
				32A3932B2D5E54D400A0093F /* FavoriteTripViewModel.swift in Sources */,
				32AFB4022D3AA35300E337F4 /* SignInWithAppleView.swift in Sources */,
				326115932DC24F2400F32297 /* TripToolbarFavoriteButton.swift in Sources */,
				32DBDCEE2C2DE92300212F6B /* StationSearchItem.swift in Sources */,
				32B36D022D55569C00102BE8 /* TripHeaderView.swift in Sources */,
				327DE4C42CE14D2400CF0D04 /* LoadingIndicator.swift in Sources */,
				32DBDD032C30546C00212F6B /* DepartureModel.swift in Sources */,
				326115A82DCD682B00F32297 /* DeparturesViewFilterSection.swift in Sources */,
				32B36D182D573FC100102BE8 /* View+FavoriteAction.swift in Sources */,
				32A96E6F2D3D70E800F3C081 /* LineIndicator.swift in Sources */,
				327DE4CC2CE166A500CF0D04 /* KeychainHelper.swift in Sources */,
				32DBDCF52C2E7A8A00212F6B /* SearchItemView.swift in Sources */,
				326B0E542CD92C7500794F43 /* DBHandler.swift in Sources */,
				327DE4CE2CE16DE400CF0D04 /* Hash.swift in Sources */,
				32A393252D5757E300A0093F /* DepartureItem.swift in Sources */,
				32B36D162D573F3F00102BE8 /* FavoritesManager.swift in Sources */,
				32A96E6D2D3D6F2200F3C081 /* ApiClient.swift in Sources */,
				327DE4C02CE1416D00CF0D04 /* ProfileView.swift in Sources */,
				32BADEAB2C3A7A1B00E53BA6 /* DepartureRow.swift in Sources */,
				32DBDCD92C2DE74900212F6B /* OnTimeApp.swift in Sources */,
				32DBDCF92C2E8A0100212F6B /* StationSearchView.swift in Sources */,
				32B36D002D55567500102BE8 /* TripView.swift in Sources */,
				32FB5D512D8FF805005AA867 /* FilterChip.swift in Sources */,
				32FB5D522D8FF805005AA867 /* DepartureFilters.swift in Sources */,
				32B36D142D573DC000102BE8 /* FavoriteTrip.swift in Sources */,
				32DBDCF72C2E7B9500212F6B /* ProductIcon.swift in Sources */,
				32B36D062D5556D100102BE8 /* StopoverListView.swift in Sources */,
				32B372EF2CE34AB500CE684E /* AngleHelper.swift in Sources */,
				32A393272D5E4F2600A0093F /* FavoriteDeparturesSection.swift in Sources */,
				326115A32DC4094400F32297 /* NavSearchSheet.swift in Sources */,
				326CF26F2D386D91001CBCA8 /* SignUpView.swift in Sources */,
				32C9604A2CF37579006BAC4E /* GlobalTimer.swift in Sources */,
				32B36D0C2D566F3600102BE8 /* Polyline.swift in Sources */,
				32B36CFC2D5554BA00102BE8 /* TripViewModel.swift in Sources */,
				32A393292D5E4F7800A0093F /* FavoriteDepartureCard.swift in Sources */,
				32DBDCF02C2DEA1800212F6B /* StationSearchViewModel.swift in Sources */,
			);
			runOnlyForDeploymentPostprocessing = 0;
		};
/* End PBXSourcesBuildPhase section */

/* Begin PBXTargetDependency section */
		32870CA22DBED461006C0664 /* PBXTargetDependency */ = {
			isa = PBXTargetDependency;
			target = 32DBDCD42C2DE74900212F6B /* OnTime - Transit */;
			targetProxy = 32870CA12DBED461006C0664 /* PBXContainerItemProxy */;
		};
/* End PBXTargetDependency section */

/* Begin XCBuildConfiguration section */
		32870CA32DBED461006C0664 /* Debug */ = {
			isa = XCBuildConfiguration;
			buildSettings = {
				CODE_SIGN_STYLE = Automatic;
				CURRENT_PROJECT_VERSION = 1;
				DEVELOPMENT_TEAM = 9YL76PS92G;
				GENERATE_INFOPLIST_FILE = YES;
				IPHONEOS_DEPLOYMENT_TARGET = 18.4;
				MARKETING_VERSION = 1.0;
				PRODUCT_BUNDLE_IDENTIFIER = "beer.robin.OnTime---Transit-UITests";
				PRODUCT_NAME = "$(TARGET_NAME)";
				SDKROOT = iphoneos;
				SWIFT_EMIT_LOC_STRINGS = NO;
				SWIFT_VERSION = 5.0;
				TARGETED_DEVICE_FAMILY = "1,2";
				TEST_TARGET_NAME = "OnTime - Transit";
			};
			name = Debug;
		};
		32870CA42DBED461006C0664 /* Release */ = {
			isa = XCBuildConfiguration;
			buildSettings = {
				CODE_SIGN_STYLE = Automatic;
				CURRENT_PROJECT_VERSION = 1;
				DEVELOPMENT_TEAM = 9YL76PS92G;
				GENERATE_INFOPLIST_FILE = YES;
				IPHONEOS_DEPLOYMENT_TARGET = 18.4;
				MARKETING_VERSION = 1.0;
				PRODUCT_BUNDLE_IDENTIFIER = "beer.robin.OnTime---Transit-UITests";
				PRODUCT_NAME = "$(TARGET_NAME)";
				SDKROOT = iphoneos;
				SWIFT_EMIT_LOC_STRINGS = NO;
				SWIFT_VERSION = 5.0;
				TARGETED_DEVICE_FAMILY = "1,2";
				TEST_TARGET_NAME = "OnTime - Transit";
				VALIDATE_PRODUCT = YES;
			};
			name = Release;
		};
		32DBDCE42C2DE74A00212F6B /* Debug */ = {
			isa = XCBuildConfiguration;
			buildSettings = {
				ALWAYS_SEARCH_USER_PATHS = NO;
				ASSETCATALOG_COMPILER_GENERATE_SWIFT_ASSET_SYMBOL_EXTENSIONS = YES;
				CLANG_ANALYZER_NONNULL = YES;
				CLANG_ANALYZER_NUMBER_OBJECT_CONVERSION = YES_AGGRESSIVE;
				CLANG_CXX_LANGUAGE_STANDARD = "gnu++20";
				CLANG_ENABLE_MODULES = YES;
				CLANG_ENABLE_OBJC_ARC = YES;
				CLANG_ENABLE_OBJC_WEAK = YES;
				CLANG_WARN_BLOCK_CAPTURE_AUTORELEASING = YES;
				CLANG_WARN_BOOL_CONVERSION = YES;
				CLANG_WARN_COMMA = YES;
				CLANG_WARN_CONSTANT_CONVERSION = YES;
				CLANG_WARN_DEPRECATED_OBJC_IMPLEMENTATIONS = YES;
				CLANG_WARN_DIRECT_OBJC_ISA_USAGE = YES_ERROR;
				CLANG_WARN_DOCUMENTATION_COMMENTS = YES;
				CLANG_WARN_EMPTY_BODY = YES;
				CLANG_WARN_ENUM_CONVERSION = YES;
				CLANG_WARN_INFINITE_RECURSION = YES;
				CLANG_WARN_INT_CONVERSION = YES;
				CLANG_WARN_NON_LITERAL_NULL_CONVERSION = YES;
				CLANG_WARN_OBJC_IMPLICIT_RETAIN_SELF = YES;
				CLANG_WARN_OBJC_LITERAL_CONVERSION = YES;
				CLANG_WARN_OBJC_ROOT_CLASS = YES_ERROR;
				CLANG_WARN_QUOTED_INCLUDE_IN_FRAMEWORK_HEADER = YES;
				CLANG_WARN_RANGE_LOOP_ANALYSIS = YES;
				CLANG_WARN_STRICT_PROTOTYPES = YES;
				CLANG_WARN_SUSPICIOUS_MOVE = YES;
				CLANG_WARN_UNGUARDED_AVAILABILITY = YES_AGGRESSIVE;
				CLANG_WARN_UNREACHABLE_CODE = YES;
				CLANG_WARN__DUPLICATE_METHOD_MATCH = YES;
				COPY_PHASE_STRIP = NO;
				DEAD_CODE_STRIPPING = YES;
				DEBUG_INFORMATION_FORMAT = dwarf;
				DEVELOPMENT_TEAM = 9YL76PS92G;
				ENABLE_STRICT_OBJC_MSGSEND = YES;
				ENABLE_TESTABILITY = YES;
				ENABLE_USER_SCRIPT_SANDBOXING = YES;
				GCC_C_LANGUAGE_STANDARD = gnu17;
				GCC_DYNAMIC_NO_PIC = NO;
				GCC_NO_COMMON_BLOCKS = YES;
				GCC_OPTIMIZATION_LEVEL = 0;
				GCC_PREPROCESSOR_DEFINITIONS = (
					"DEBUG=1",
					"$(inherited)",
				);
				GCC_WARN_64_TO_32_BIT_CONVERSION = YES;
				GCC_WARN_ABOUT_RETURN_TYPE = YES_ERROR;
				GCC_WARN_UNDECLARED_SELECTOR = YES;
				GCC_WARN_UNINITIALIZED_AUTOS = YES_AGGRESSIVE;
				GCC_WARN_UNUSED_FUNCTION = YES;
				GCC_WARN_UNUSED_VARIABLE = YES;
				LOCALIZATION_PREFERS_STRING_CATALOGS = YES;
				MTL_ENABLE_DEBUG_INFO = INCLUDE_SOURCE;
				MTL_FAST_MATH = YES;
				NEW_SETTING = "";
				ONLY_ACTIVE_ARCH = YES;
				SWIFT_ACTIVE_COMPILATION_CONDITIONS = "DEBUG $(inherited)";
				SWIFT_OPTIMIZATION_LEVEL = "-Onone";
			};
			name = Debug;
		};
		32DBDCE52C2DE74A00212F6B /* Release */ = {
			isa = XCBuildConfiguration;
			buildSettings = {
				ALWAYS_SEARCH_USER_PATHS = NO;
				ASSETCATALOG_COMPILER_GENERATE_SWIFT_ASSET_SYMBOL_EXTENSIONS = YES;
				CLANG_ANALYZER_NONNULL = YES;
				CLANG_ANALYZER_NUMBER_OBJECT_CONVERSION = YES_AGGRESSIVE;
				CLANG_CXX_LANGUAGE_STANDARD = "gnu++20";
				CLANG_ENABLE_MODULES = YES;
				CLANG_ENABLE_OBJC_ARC = YES;
				CLANG_ENABLE_OBJC_WEAK = YES;
				CLANG_WARN_BLOCK_CAPTURE_AUTORELEASING = YES;
				CLANG_WARN_BOOL_CONVERSION = YES;
				CLANG_WARN_COMMA = YES;
				CLANG_WARN_CONSTANT_CONVERSION = YES;
				CLANG_WARN_DEPRECATED_OBJC_IMPLEMENTATIONS = YES;
				CLANG_WARN_DIRECT_OBJC_ISA_USAGE = YES_ERROR;
				CLANG_WARN_DOCUMENTATION_COMMENTS = YES;
				CLANG_WARN_EMPTY_BODY = YES;
				CLANG_WARN_ENUM_CONVERSION = YES;
				CLANG_WARN_INFINITE_RECURSION = YES;
				CLANG_WARN_INT_CONVERSION = YES;
				CLANG_WARN_NON_LITERAL_NULL_CONVERSION = YES;
				CLANG_WARN_OBJC_IMPLICIT_RETAIN_SELF = YES;
				CLANG_WARN_OBJC_LITERAL_CONVERSION = YES;
				CLANG_WARN_OBJC_ROOT_CLASS = YES_ERROR;
				CLANG_WARN_QUOTED_INCLUDE_IN_FRAMEWORK_HEADER = YES;
				CLANG_WARN_RANGE_LOOP_ANALYSIS = YES;
				CLANG_WARN_STRICT_PROTOTYPES = YES;
				CLANG_WARN_SUSPICIOUS_MOVE = YES;
				CLANG_WARN_UNGUARDED_AVAILABILITY = YES_AGGRESSIVE;
				CLANG_WARN_UNREACHABLE_CODE = YES;
				CLANG_WARN__DUPLICATE_METHOD_MATCH = YES;
				COPY_PHASE_STRIP = NO;
				DEAD_CODE_STRIPPING = YES;
				DEBUG_INFORMATION_FORMAT = "dwarf-with-dsym";
				DEVELOPMENT_TEAM = 9YL76PS92G;
				ENABLE_NS_ASSERTIONS = NO;
				ENABLE_STRICT_OBJC_MSGSEND = YES;
				ENABLE_USER_SCRIPT_SANDBOXING = YES;
				GCC_C_LANGUAGE_STANDARD = gnu17;
				GCC_NO_COMMON_BLOCKS = YES;
				GCC_WARN_64_TO_32_BIT_CONVERSION = YES;
				GCC_WARN_ABOUT_RETURN_TYPE = YES_ERROR;
				GCC_WARN_UNDECLARED_SELECTOR = YES;
				GCC_WARN_UNINITIALIZED_AUTOS = YES_AGGRESSIVE;
				GCC_WARN_UNUSED_FUNCTION = YES;
				GCC_WARN_UNUSED_VARIABLE = YES;
				LOCALIZATION_PREFERS_STRING_CATALOGS = YES;
				MTL_ENABLE_DEBUG_INFO = NO;
				MTL_FAST_MATH = YES;
				NEW_SETTING = "";
				SWIFT_COMPILATION_MODE = wholemodule;
			};
			name = Release;
		};
		32DBDCE72C2DE74A00212F6B /* Debug */ = {
			isa = XCBuildConfiguration;
			buildSettings = {
				ASSETCATALOG_COMPILER_APPICON_NAME = AppIcon;
				ASSETCATALOG_COMPILER_GLOBAL_ACCENT_COLOR_NAME = AccentColor;
				CODE_SIGN_ENTITLEMENTS = OnTime/OnTime.entitlements;
				CODE_SIGN_IDENTITY = "Apple Development";
				CODE_SIGN_STYLE = Automatic;
				CURRENT_PROJECT_VERSION = 1;
				DEAD_CODE_STRIPPING = YES;
				DEVELOPMENT_ASSET_PATHS = "\"OnTime/Preview Content\"";
				ENABLE_HARDENED_RUNTIME = YES;
				ENABLE_PREVIEWS = YES;
				GENERATE_INFOPLIST_FILE = YES;
				INFOPLIST_FILE = OnTime/Info.plist;
				INFOPLIST_KEY_CFBundleDisplayName = "OnTime - Transit";
				INFOPLIST_KEY_LSApplicationCategoryType = "public.app-category.navigation";
				INFOPLIST_KEY_NSLocationWhenInUseUsageDescription = "We use your location to get nearby stations.";
				"INFOPLIST_KEY_UIApplicationSceneManifest_Generation[sdk=iphoneos*]" = YES;
				"INFOPLIST_KEY_UIApplicationSceneManifest_Generation[sdk=iphonesimulator*]" = YES;
				"INFOPLIST_KEY_UIApplicationSupportsIndirectInputEvents[sdk=iphoneos*]" = YES;
				"INFOPLIST_KEY_UIApplicationSupportsIndirectInputEvents[sdk=iphonesimulator*]" = YES;
				"INFOPLIST_KEY_UILaunchScreen_Generation[sdk=iphoneos*]" = YES;
				"INFOPLIST_KEY_UILaunchScreen_Generation[sdk=iphonesimulator*]" = YES;
				"INFOPLIST_KEY_UIStatusBarStyle[sdk=iphoneos*]" = UIStatusBarStyleDefault;
				"INFOPLIST_KEY_UIStatusBarStyle[sdk=iphonesimulator*]" = UIStatusBarStyleDefault;
				INFOPLIST_KEY_UISupportedInterfaceOrientations_iPad = "UIInterfaceOrientationPortrait UIInterfaceOrientationPortraitUpsideDown UIInterfaceOrientationLandscapeLeft UIInterfaceOrientationLandscapeRight";
				INFOPLIST_KEY_UISupportedInterfaceOrientations_iPhone = "UIInterfaceOrientationPortrait UIInterfaceOrientationLandscapeLeft UIInterfaceOrientationLandscapeRight";
				IPHONEOS_DEPLOYMENT_TARGET = 18.0;
				LD_RUNPATH_SEARCH_PATHS = "@executable_path/Frameworks";
				"LD_RUNPATH_SEARCH_PATHS[sdk=macosx*]" = "@executable_path/../Frameworks";
				MACOSX_DEPLOYMENT_TARGET = 14.0;
				MARKETING_VERSION = 0.1;
				PRODUCT_BUNDLE_IDENTIFIER = beer.robin.ontime;
				PRODUCT_NAME = "$(TARGET_NAME)";
				PROVISIONING_PROFILE_SPECIFIER = "";
				SDKROOT = auto;
				SUPPORTED_PLATFORMS = "iphoneos iphonesimulator xros xrsimulator";
				SUPPORTS_MACCATALYST = NO;
				SWIFT_EMIT_LOC_STRINGS = YES;
				SWIFT_VERSION = 5.0;
				TARGETED_DEVICE_FAMILY = "1,2,7";
				XROS_DEPLOYMENT_TARGET = 2.0;
			};
			name = Debug;
		};
		32DBDCE82C2DE74A00212F6B /* Release */ = {
			isa = XCBuildConfiguration;
			buildSettings = {
				ASSETCATALOG_COMPILER_APPICON_NAME = AppIcon;
				ASSETCATALOG_COMPILER_GLOBAL_ACCENT_COLOR_NAME = AccentColor;
				CODE_SIGN_ENTITLEMENTS = OnTime/OnTime.entitlements;
				CODE_SIGN_IDENTITY = "Apple Development";
				CODE_SIGN_STYLE = Automatic;
				CURRENT_PROJECT_VERSION = 1;
				DEAD_CODE_STRIPPING = YES;
				DEVELOPMENT_ASSET_PATHS = "\"OnTime/Preview Content\"";
				ENABLE_HARDENED_RUNTIME = YES;
				ENABLE_PREVIEWS = YES;
				GENERATE_INFOPLIST_FILE = YES;
				INFOPLIST_FILE = OnTime/Info.plist;
				INFOPLIST_KEY_CFBundleDisplayName = "OnTime - Transit";
				INFOPLIST_KEY_LSApplicationCategoryType = "public.app-category.navigation";
				INFOPLIST_KEY_NSLocationWhenInUseUsageDescription = "We use your location to get nearby stations.";
				"INFOPLIST_KEY_UIApplicationSceneManifest_Generation[sdk=iphoneos*]" = YES;
				"INFOPLIST_KEY_UIApplicationSceneManifest_Generation[sdk=iphonesimulator*]" = YES;
				"INFOPLIST_KEY_UIApplicationSupportsIndirectInputEvents[sdk=iphoneos*]" = YES;
				"INFOPLIST_KEY_UIApplicationSupportsIndirectInputEvents[sdk=iphonesimulator*]" = YES;
				"INFOPLIST_KEY_UILaunchScreen_Generation[sdk=iphoneos*]" = YES;
				"INFOPLIST_KEY_UILaunchScreen_Generation[sdk=iphonesimulator*]" = YES;
				"INFOPLIST_KEY_UIStatusBarStyle[sdk=iphoneos*]" = UIStatusBarStyleDefault;
				"INFOPLIST_KEY_UIStatusBarStyle[sdk=iphonesimulator*]" = UIStatusBarStyleDefault;
				INFOPLIST_KEY_UISupportedInterfaceOrientations_iPad = "UIInterfaceOrientationPortrait UIInterfaceOrientationPortraitUpsideDown UIInterfaceOrientationLandscapeLeft UIInterfaceOrientationLandscapeRight";
				INFOPLIST_KEY_UISupportedInterfaceOrientations_iPhone = "UIInterfaceOrientationPortrait UIInterfaceOrientationLandscapeLeft UIInterfaceOrientationLandscapeRight";
				IPHONEOS_DEPLOYMENT_TARGET = 18.0;
				LD_RUNPATH_SEARCH_PATHS = "@executable_path/Frameworks";
				"LD_RUNPATH_SEARCH_PATHS[sdk=macosx*]" = "@executable_path/../Frameworks";
				MACOSX_DEPLOYMENT_TARGET = 14.0;
				MARKETING_VERSION = 0.1;
				PRODUCT_BUNDLE_IDENTIFIER = beer.robin.ontime;
				PRODUCT_NAME = "$(TARGET_NAME)";
				PROVISIONING_PROFILE_SPECIFIER = "";
				SDKROOT = auto;
				SUPPORTED_PLATFORMS = "iphoneos iphonesimulator xros xrsimulator";
				SUPPORTS_MACCATALYST = NO;
				SWIFT_EMIT_LOC_STRINGS = YES;
				SWIFT_VERSION = 5.0;
				TARGETED_DEVICE_FAMILY = "1,2,7";
				XROS_DEPLOYMENT_TARGET = 2.0;
			};
			name = Release;
		};
/* End XCBuildConfiguration section */

/* Begin XCConfigurationList section */
		32870CA52DBED461006C0664 /* Build configuration list for PBXNativeTarget "OnTime - Transit UITests" */ = {
			isa = XCConfigurationList;
			buildConfigurations = (
				32870CA32DBED461006C0664 /* Debug */,
				32870CA42DBED461006C0664 /* Release */,
			);
			defaultConfigurationIsVisible = 0;
			defaultConfigurationName = Release;
		};
		32DBDCD02C2DE74900212F6B /* Build configuration list for PBXProject "OnTime - Transit" */ = {
			isa = XCConfigurationList;
			buildConfigurations = (
				32DBDCE42C2DE74A00212F6B /* Debug */,
				32DBDCE52C2DE74A00212F6B /* Release */,
			);
			defaultConfigurationIsVisible = 0;
			defaultConfigurationName = Release;
		};
		32DBDCE62C2DE74A00212F6B /* Build configuration list for PBXNativeTarget "OnTime - Transit" */ = {
			isa = XCConfigurationList;
			buildConfigurations = (
				32DBDCE72C2DE74A00212F6B /* Debug */,
				32DBDCE82C2DE74A00212F6B /* Release */,
			);
			defaultConfigurationIsVisible = 0;
			defaultConfigurationName = Release;
		};
/* End XCConfigurationList section */

/* Begin XCRemoteSwiftPackageReference section */
		326B0E502CD92C5800794F43 /* XCRemoteSwiftPackageReference "libsql-swift" */ = {
			isa = XCRemoteSwiftPackageReference;
			repositoryURL = "https://github.com/tursodatabase/libsql-swift";
			requirement = {
				kind = upToNextMajorVersion;
				minimumVersion = 0.3.0;
			};
		};
		32D99B212DBBF8D0002894D4 /* XCRemoteSwiftPackageReference "clerk-ios" */ = {
			isa = XCRemoteSwiftPackageReference;
			repositoryURL = "https://github.com/clerk/clerk-ios";
			requirement = {
				kind = upToNextMajorVersion;
				minimumVersion = 0.55.0;
			};
		};
/* End XCRemoteSwiftPackageReference section */

/* Begin XCSwiftPackageProductDependency section */
		326B0E512CD92C5800794F43 /* Libsql */ = {
			isa = XCSwiftPackageProductDependency;
			package = 326B0E502CD92C5800794F43 /* XCRemoteSwiftPackageReference "libsql-swift" */;
			productName = Libsql;
		};
		32D99B222DBBF8D0002894D4 /* Clerk */ = {
			isa = XCSwiftPackageProductDependency;
			package = 32D99B212DBBF8D0002894D4 /* XCRemoteSwiftPackageReference "clerk-ios" */;
			productName = Clerk;
		};
/* End XCSwiftPackageProductDependency section */
	};
	rootObject = 32DBDCCD2C2DE74900212F6B /* Project object */;
}
